
Microsoft Visual Studio Solution File, Format Version 12.00
# Visual Studio Version 17
VisualStudioVersion = 17.8.34316.72
MinimumVisualStudioVersion = 10.0.40219.1
Project("{FAE04EC0-301F-11D3-BF4B-00C04F79EFBC}") = "Serialomaniak", "Serialomaniak\Serialomaniak.csproj", "{A38CFD7F-F411-437D-98C0-7DFFC787E7C0}"
EndProject
Project("{FAE04EC0-301F-11D3-BF4B-00C04F79EFBC}") = "Biblioteka", "Biblioteka\Biblioteka.csproj", "{0188C51D-E1DB-41F2-8EB3-47A9F97436AA}"
EndProject
Project("{2150E333-8FDC-42A3-9474-1A3956D46DE8}") = "Elementy rozwiązania", "Elementy rozwiązania", "{B5627FC7-10EB-4491-A613-E638302FFFA8}"
	ProjectSection(SolutionItems) = preProject
		README.md = README.md
	EndProjectSection
EndProject
Global
	GlobalSection(SolutionConfigurationPlatforms) = preSolution
		CD_ROM|Any CPU = CD_ROM|Any CPU
		Debug|Any CPU = Debug|Any CPU
		DVD-5|Any CPU = DVD-5|Any CPU
		Release|Any CPU = Release|Any CPU
		SingleImage|Any CPU = SingleImage|Any CPU
	EndGlobalSection
	GlobalSection(ProjectConfigurationPlatforms) = postSolution
		{A38CFD7F-F411-437D-98C0-7DFFC787E7C0}.CD_ROM|Any CPU.ActiveCfg = Release|Any CPU
		{A38CFD7F-F411-437D-98C0-7DFFC787E7C0}.CD_ROM|Any CPU.Build.0 = Release|Any CPU
		{A38CFD7F-F411-437D-98C0-7DFFC787E7C0}.Debug|Any CPU.ActiveCfg = Debug|Any CPU
		{A38CFD7F-F411-437D-98C0-7DFFC787E7C0}.Debug|Any CPU.Build.0 = Debug|Any CPU
		{A38CFD7F-F411-437D-98C0-7DFFC787E7C0}.DVD-5|Any CPU.ActiveCfg = Debug|Any CPU
		{A38CFD7F-F411-437D-98C0-7DFFC787E7C0}.DVD-5|Any CPU.Build.0 = Debug|Any CPU
		{A38CFD7F-F411-437D-98C0-7DFFC787E7C0}.Release|Any CPU.ActiveCfg = Release|Any CPU
		{A38CFD7F-F411-437D-98C0-7DFFC787E7C0}.Release|Any CPU.Build.0 = Release|Any CPU
		{A38CFD7F-F411-437D-98C0-7DFFC787E7C0}.SingleImage|Any CPU.ActiveCfg = Release|Any CPU
		{A38CFD7F-F411-437D-98C0-7DFFC787E7C0}.SingleImage|Any CPU.Build.0 = Release|Any CPU
		{0188C51D-E1DB-41F2-8EB3-47A9F97436AA}.CD_ROM|Any CPU.ActiveCfg = Release|Any CPU
		{0188C51D-E1DB-41F2-8EB3-47A9F97436AA}.CD_ROM|Any CPU.Build.0 = Release|Any CPU
		{0188C51D-E1DB-41F2-8EB3-47A9F97436AA}.Debug|Any CPU.ActiveCfg = Debug|Any CPU
		{0188C51D-E1DB-41F2-8EB3-47A9F97436AA}.Debug|Any CPU.Build.0 = Debug|Any CPU
		{0188C51D-E1DB-41F2-8EB3-47A9F97436AA}.DVD-5|Any CPU.ActiveCfg = Debug|Any CPU
		{0188C51D-E1DB-41F2-8EB3-47A9F97436AA}.DVD-5|Any CPU.Build.0 = Debug|Any CPU
		{0188C51D-E1DB-41F2-8EB3-47A9F97436AA}.Release|Any CPU.ActiveCfg = Release|Any CPU
		{0188C51D-E1DB-41F2-8EB3-47A9F97436AA}.Release|Any CPU.Build.0 = Release|Any CPU
		{0188C51D-E1DB-41F2-8EB3-47A9F97436AA}.SingleImage|Any CPU.ActiveCfg = Release|Any CPU
		{0188C51D-E1DB-41F2-8EB3-47A9F97436AA}.SingleImage|Any CPU.Build.0 = Release|Any CPU
	EndGlobalSection
	GlobalSection(SolutionProperties) = preSolution
		HideSolutionNode = FALSE
	EndGlobalSection
EndGlobal
